
Microsoft Visual Studio Solution File, Format Version 12.00
# Visual Studio Version 17
VisualStudioVersion = 17.10.34928.147
MinimumVisualStudioVersion = 10.0.40219.1
Project("{FAE04EC0-301F-11D3-BF4B-00C04F79EFBC}") = "ReactTsWithDotnet.Server", "ReactTsWithDotnet.Server\ReactTsWithDotnet.Server.csproj", "{2C6468F5-21A2-40EE-8EBB-6F411C61D642}"
EndProject
Project("{54A90642-561A-4BB1-A94E-469ADEE60C69}") = "reacttswithdotnet.client", "reacttswithdotnet.client\reacttswithdotnet.client.esproj", "{BD42709D-C4CE-479A-A0AD-04211459FB0C}"
EndProject
Global
	GlobalSection(SolutionConfigurationPlatforms) = preSolution
		Debug|Any CPU = Debug|Any CPU
		Release|Any CPU = Release|Any CPU
	EndGlobalSection
	GlobalSection(ProjectConfigurationPlatforms) = postSolution
		{2C6468F5-21A2-40EE-8EBB-6F411C61D642}.Debug|Any CPU.ActiveCfg = Debug|Any CPU
		{2C6468F5-21A2-40EE-8EBB-6F411C61D642}.Debug|Any CPU.Build.0 = Debug|Any CPU
		{2C6468F5-21A2-40EE-8EBB-6F411C61D642}.Release|Any CPU.ActiveCfg = Release|Any CPU
		{2C6468F5-21A2-40EE-8EBB-6F411C61D642}.Release|Any CPU.Build.0 = Release|Any CPU
		{BD42709D-C4CE-479A-A0AD-04211459FB0C}.Debug|Any CPU.ActiveCfg = Debug|Any CPU
		{BD42709D-C4CE-479A-A0AD-04211459FB0C}.Debug|Any CPU.Build.0 = Debug|Any CPU
		{BD42709D-C4CE-479A-A0AD-04211459FB0C}.Debug|Any CPU.Deploy.0 = Debug|Any CPU
		{BD42709D-C4CE-479A-A0AD-04211459FB0C}.Release|Any CPU.ActiveCfg = Release|Any CPU
		{BD42709D-C4CE-479A-A0AD-04211459FB0C}.Release|Any CPU.Build.0 = Release|Any CPU
		{BD42709D-C4CE-479A-A0AD-04211459FB0C}.Release|Any CPU.Deploy.0 = Release|Any CPU
	EndGlobalSection
	GlobalSection(SolutionProperties) = preSolution
		HideSolutionNode = FALSE
	EndGlobalSection
	GlobalSection(ExtensibilityGlobals) = postSolution
		SolutionGuid = {3ABCC11D-3355-4F4C-9EC7-AA8DD716D74B}
	EndGlobalSection
EndGlobal
